
Microsoft Visual Studio Solution File, Format Version 12.00
# Visual Studio Version 17
VisualStudioVersion = 17.10.34928.147
MinimumVisualStudioVersion = 10.0.40219.1
Project("{9A19103F-16F7-4668-BE54-9A1E7A4F7556}") = "BowlingGame", "BowlingGame\BowlingGame.csproj", "{F7C78411-377C-4AF1-909B-6DD91021D6D1}"
EndProject
Project("{9A19103F-16F7-4668-BE54-9A1E7A4F7556}") = "BowlingGame.Tests", "BowlingGame.Tests\BowlingGame.Tests.csproj", "{66BECE21-88E1-4AAD-AFA5-9EA99AC3EF9C}"
EndProject
Project("{2150E333-8FDC-42A3-9474-1A3956D46DE8}") = "Extras", "Extras", "{1617669D-3382-4519-907B-B3581AFEEE74}"
	ProjectSection(SolutionItems) = preProject
		README.md = README.md
	EndProjectSection
EndProject
Global
	GlobalSection(SolutionConfigurationPlatforms) = preSolution
		Debug|Any CPU = Debug|Any CPU
		Release|Any CPU = Release|Any CPU
	EndGlobalSection
	GlobalSection(ProjectConfigurationPlatforms) = postSolution
		{F7C78411-377C-4AF1-909B-6DD91021D6D1}.Debug|Any CPU.ActiveCfg = Debug|Any CPU
		{F7C78411-377C-4AF1-909B-6DD91021D6D1}.Debug|Any CPU.Build.0 = Debug|Any CPU
		{F7C78411-377C-4AF1-909B-6DD91021D6D1}.Release|Any CPU.ActiveCfg = Release|Any CPU
		{F7C78411-377C-4AF1-909B-6DD91021D6D1}.Release|Any CPU.Build.0 = Release|Any CPU
		{66BECE21-88E1-4AAD-AFA5-9EA99AC3EF9C}.Debug|Any CPU.ActiveCfg = Debug|Any CPU
		{66BECE21-88E1-4AAD-AFA5-9EA99AC3EF9C}.Debug|Any CPU.Build.0 = Debug|Any CPU
		{66BECE21-88E1-4AAD-AFA5-9EA99AC3EF9C}.Release|Any CPU.ActiveCfg = Release|Any CPU
		{66BECE21-88E1-4AAD-AFA5-9EA99AC3EF9C}.Release|Any CPU.Build.0 = Release|Any CPU
	EndGlobalSection
	GlobalSection(SolutionProperties) = preSolution
		HideSolutionNode = FALSE
	EndGlobalSection
	GlobalSection(ExtensibilityGlobals) = postSolution
		SolutionGuid = {A45B34C1-CDDC-4A66-84E4-F1BB0EB5FC3F}
	EndGlobalSection
EndGlobal
